
Microsoft Visual Studio Solution File, Format Version 12.00
# Visual Studio 15
VisualStudioVersion = 15.0.28307.136
MinimumVisualStudioVersion = 10.0.40219.1
Project("{FAE04EC0-301F-11D3-BF4B-00C04F79EFBC}") = "WebApplication3", "WebApplication3\WebApplication3.csproj", "{A7386875-FCCC-46A8-AE92-97359F91BE6E}"
EndProject
Global
	GlobalSection(SolutionConfigurationPlatforms) = preSolution
		Debug|Any CPU = Debug|Any CPU
		Release|Any CPU = Release|Any CPU
	EndGlobalSection
	GlobalSection(ProjectConfigurationPlatforms) = postSolution
		{A7386875-FCCC-46A8-AE92-97359F91BE6E}.Debug|Any CPU.ActiveCfg = Debug|Any CPU
		{A7386875-FCCC-46A8-AE92-97359F91BE6E}.Debug|Any CPU.Build.0 = Debug|Any CPU
		{A7386875-FCCC-46A8-AE92-97359F91BE6E}.Release|Any CPU.ActiveCfg = Release|Any CPU
		{A7386875-FCCC-46A8-AE92-97359F91BE6E}.Release|Any CPU.Build.0 = Release|Any CPU
	EndGlobalSection
	GlobalSection(SolutionProperties) = preSolution
		HideSolutionNode = FALSE
	EndGlobalSection
	GlobalSection(ExtensibilityGlobals) = postSolution
		SolutionGuid = {0DC78A53-BDD7-4CAF-8150-141193C56AC4}
	EndGlobalSection
EndGlobal
